
Microsoft Visual Studio Solution File, Format Version 12.00
# Visual Studio Version 17
VisualStudioVersion = 17.0.31903.59
MinimumVisualStudioVersion = 10.0.40219.1
Project("{FAE04EC0-301F-11D3-BF4B-00C04F79EFBC}") = "ServiceBusTools", "ServiceBusTools\ServiceBusTools.csproj", "{BBADB3B7-DF97-4A2B-B326-87D0D2F9A9BD}"
EndProject
Global
	GlobalSection(SolutionConfigurationPlatforms) = preSolution
		Debug|Any CPU = Debug|Any CPU
		Release|Any CPU = Release|Any CPU
	EndGlobalSection
	GlobalSection(SolutionProperties) = preSolution
		HideSolutionNode = FALSE
	EndGlobalSection
	GlobalSection(ProjectConfigurationPlatforms) = postSolution
		{BBADB3B7-DF97-4A2B-B326-87D0D2F9A9BD}.Debug|Any CPU.ActiveCfg = Debug|Any CPU
		{BBADB3B7-DF97-4A2B-B326-87D0D2F9A9BD}.Debug|Any CPU.Build.0 = Debug|Any CPU
		{BBADB3B7-DF97-4A2B-B326-87D0D2F9A9BD}.Release|Any CPU.ActiveCfg = Release|Any CPU
		{BBADB3B7-DF97-4A2B-B326-87D0D2F9A9BD}.Release|Any CPU.Build.0 = Release|Any CPU
	EndGlobalSection
EndGlobal
